
Microsoft Visual Studio Solution File, Format Version 12.00
# Visual Studio Version 17
VisualStudioVersion = 17.3.32804.467
MinimumVisualStudioVersion = 10.0.40219.1
Project("{FAE04EC0-301F-11D3-BF4B-00C04F79EFBC}") = "webapp", "webapp\webapp.csproj", "{EBED933F-1815-4BE8-AFEF-8C5E2BFE9D92}"
EndProject
Global
	GlobalSection(SolutionConfigurationPlatforms) = preSolution
		Debug|Any CPU = Debug|Any CPU
		Release|Any CPU = Release|Any CPU
	EndGlobalSection
	GlobalSection(ProjectConfigurationPlatforms) = postSolution
		{EBED933F-1815-4BE8-AFEF-8C5E2BFE9D92}.Debug|Any CPU.ActiveCfg = Debug|Any CPU
		{EBED933F-1815-4BE8-AFEF-8C5E2BFE9D92}.Debug|Any CPU.Build.0 = Debug|Any CPU
		{EBED933F-1815-4BE8-AFEF-8C5E2BFE9D92}.Release|Any CPU.ActiveCfg = Release|Any CPU
		{EBED933F-1815-4BE8-AFEF-8C5E2BFE9D92}.Release|Any CPU.Build.0 = Release|Any CPU
	EndGlobalSection
	GlobalSection(SolutionProperties) = preSolution
		HideSolutionNode = FALSE
	EndGlobalSection
	GlobalSection(ExtensibilityGlobals) = postSolution
		SolutionGuid = {591A3719-B995-4466-B14D-A4E4A8AAD31A}
	EndGlobalSection
EndGlobal
